{
  "object": {
    "pins": [
      {
        "package": "Async",
        "repositoryURL": "https://github.com/tris-foundation/async.git",
        "state": {
          "branch": null,
          "revision": "341849c6e73a4365b73535429ff76de8cde52aa7",
          "version": "0.4.8"
        }
      },
      {
        "package": "Fiber",
        "repositoryURL": "https://github.com/tris-foundation/fiber.git",
        "state": {
          "branch": null,
          "revision": "f65db9cd3fc6c8ba43ae6d1bb7ae9835349d82d1",
          "version": "0.4.9"
        }
      },
      {
        "package": "Log",
        "repositoryURL": "https://github.com/tris-foundation/log.git",
        "state": {
          "branch": null,
          "revision": "6ddd3d665d12fa143be610e40a58dc863763b70f",
          "version": "0.4.0"
        }
      },
      {
        "package": "Platform",
        "repositoryURL": "https://github.com/tris-foundation/platform.git",
        "state": {
          "branch": null,
          "revision": "6e0f6b4905851110634976e993980abe42101949",
          "version": "0.4.0"
        }
      },
      {
        "package": "Test",
        "repositoryURL": "https://github.com/tris-foundation/test.git",
        "state": {
          "branch": null,
          "revision": "817c01f8f53c988b5cfe55e4edbc85a9f1d00837",
          "version": "0.4.3"
        }
      }
    ]
  },
  "version": 1
}
