{
  "object": {
    "pins": [
      {
        "reference": {
          "identity": "async",
          "isLocal": false,
          "path": "https://github.com/tris-foundation/async.git"
        },
        "state": {
          "branch": null,
          "revision": "114963a27b71381d4f3e62947b2e1d178abe3440",
          "version": "0.4.11"
        }
      },
      {
        "reference": {
          "identity": "crypto",
          "isLocal": false,
          "path": "https://github.com/tris-foundation/crypto.git"
        },
        "state": {
          "branch": null,
          "revision": "1f2b1fcd0c41aede095b6f5e086fce7476bcf29d",
          "version": "0.4.0"
        }
      },
      {
        "reference": {
          "identity": "fiber",
          "isLocal": false,
          "path": "https://github.com/tris-foundation/fiber.git"
        },
        "state": {
          "branch": null,
          "revision": "8f421670e53fe5d8498cabd46e2c6177a1ab9b45",
          "version": "0.4.14"
        }
      },
      {
        "reference": {
          "identity": "http",
          "isLocal": false,
          "path": "https://github.com/tris-foundation/http.git"
        },
        "state": {
          "branch": null,
          "revision": "9df868fe70da4ba34b2823f8d97a153384725207",
          "version": "0.4.18"
        }
      },
      {
        "reference": {
          "identity": "json",
          "isLocal": false,
          "path": "https://github.com/tris-foundation/json.git"
        },
        "state": {
          "branch": null,
          "revision": "cea29c72e63d15c52edd55977c51c735fcdc4408",
          "version": "0.4.4"
        }
      },
      {
        "reference": {
          "identity": "log",
          "isLocal": false,
          "path": "https://github.com/tris-foundation/log.git"
        },
        "state": {
          "branch": null,
          "revision": "6ddd3d665d12fa143be610e40a58dc863763b70f",
          "version": "0.4.0"
        }
      },
      {
        "reference": {
          "identity": "memory",
          "isLocal": false,
          "path": "https://github.com/tris-foundation/memory.git"
        },
        "state": {
          "branch": null,
          "revision": "f50ec48fb74afb60ca036a86a4a5034563d0a5c8",
          "version": "0.4.5"
        }
      },
      {
        "reference": {
          "identity": "messagepack",
          "isLocal": false,
          "path": "https://github.com/tris-foundation/messagepack.git"
        },
        "state": {
          "branch": null,
          "revision": "69177cb9d75666b7af2373b5b847cd0f40c57324",
          "version": "0.4.4"
        }
      },
      {
        "reference": {
          "identity": "network",
          "isLocal": false,
          "path": "https://github.com/tris-foundation/network.git"
        },
        "state": {
          "branch": null,
          "revision": "b894fe27d626b694b1d24387378ef78f0ffb80b7",
          "version": "0.4.10"
        }
      },
      {
        "reference": {
          "identity": "platform",
          "isLocal": false,
          "path": "https://github.com/tris-foundation/platform.git"
        },
        "state": {
          "branch": null,
          "revision": "33227e963e573275a615966d9686ab6854dbb22b",
          "version": "0.4.2"
        }
      },
      {
        "reference": {
          "identity": "stream",
          "isLocal": false,
          "path": "https://github.com/tris-foundation/stream.git"
        },
        "state": {
          "branch": null,
          "revision": "595b0609f55ca47f136330fbf06641484ca64451",
          "version": "0.4.1"
        }
      },
      {
        "reference": {
          "identity": "tarantool",
          "isLocal": false,
          "path": "https://github.com/tris-foundation/tarantool.git"
        },
        "state": {
          "branch": null,
          "revision": "cf58aab61b90de4f69686a7f9681aa70ec09e953",
          "version": "0.4.12"
        }
      },
      {
        "reference": {
          "identity": "test",
          "isLocal": false,
          "path": "https://github.com/tris-foundation/test.git"
        },
        "state": {
          "branch": null,
          "revision": "60a653128b4b169dfce3e4b2917af86313ef8c4e",
          "version": "0.4.4"
        }
      }
    ]
  },
  "version": 2
}
