{
  "object": {
    "pins": [
      {
        "package": "Async",
        "repositoryURL": "https://github.com/tris-foundation/async.git",
        "state": {
          "branch": null,
          "revision": "32c1ba4698fb14d141f2f063fc49e3e52923d7eb",
          "version": "0.4.7"
        }
      },
      {
        "package": "Fiber",
        "repositoryURL": "https://github.com/tris-foundation/fiber.git",
        "state": {
          "branch": null,
          "revision": "f65db9cd3fc6c8ba43ae6d1bb7ae9835349d82d1",
          "version": "0.4.9"
        }
      },
      {
        "package": "HTTP",
        "repositoryURL": "https://github.com/tris-foundation/http.git",
        "state": {
          "branch": null,
          "revision": "a26dbb0d721e5f35c0744b170a81cb3e2e49e786",
          "version": "0.4.9"
        }
      },
      {
        "package": "JSON",
        "repositoryURL": "https://github.com/tris-foundation/json.git",
        "state": {
          "branch": null,
          "revision": "396f35e9f75e1c6516c4cae1681c045279d667ef",
          "version": "0.4.2"
        }
      },
      {
        "package": "Log",
        "repositoryURL": "https://github.com/tris-foundation/log.git",
        "state": {
          "branch": null,
          "revision": "6ddd3d665d12fa143be610e40a58dc863763b70f",
          "version": "0.4.0"
        }
      },
      {
        "package": "Network",
        "repositoryURL": "https://github.com/tris-foundation/network.git",
        "state": {
          "branch": null,
          "revision": "9185735f390e68582bb3af4754421d4f5e9ff50c",
          "version": "0.4.2"
        }
      },
      {
        "package": "Platform",
        "repositoryURL": "https://github.com/tris-foundation/platform.git",
        "state": {
          "branch": null,
          "revision": "6e0f6b4905851110634976e993980abe42101949",
          "version": "0.4.0"
        }
      },
      {
        "package": "Test",
        "repositoryURL": "https://github.com/tris-foundation/test.git",
        "state": {
          "branch": null,
          "revision": "817c01f8f53c988b5cfe55e4edbc85a9f1d00837",
          "version": "0.4.3"
        }
      }
    ]
  },
  "version": 1
}
