{
  "object": {
    "pins": [
      {
        "package": "MessagePack",
        "repositoryURL": "https://github.com/tris-foundation/messagepack.git",
        "state": {
          "branch": null,
          "revision": "0b812128f149aecfc625d75516d8f4a485931d3b",
          "version": "0.4.1"
        }
      },
      {
        "package": "Test",
        "repositoryURL": "https://github.com/tris-foundation/test.git",
        "state": {
          "branch": null,
          "revision": "aa0c9bb268c6bf9d1b90b4f3a83b0c1f318f1a9b",
          "version": "0.4.1"
        }
      }
    ]
  },
  "version": 1
}
