{
  "object": {
    "pins": [
      {
        "package": "MessagePack",
        "repositoryURL": "https://github.com/tris-foundation/messagepack.git",
        "state": {
          "branch": null,
          "revision": "3ce28c9d2af82d7c3495ffe4e1a2c8a528d4a47b",
          "version": "0.4.0"
        }
      },
      {
        "package": "Test",
        "repositoryURL": "https://github.com/tris-foundation/test.git",
        "state": {
          "branch": null,
          "revision": "408fd89c2a56a03237c9c5a98016ffcc115352ff",
          "version": "0.4.0"
        }
      }
    ]
  },
  "version": 1
}
