{
  "object": {
    "pins": [
      {
        "reference": {
          "identity": "messagepack",
          "isLocal": false,
          "path": "https://github.com/tris-foundation/messagepack.git"
        },
        "state": {
          "branch": null,
          "revision": "3c97c6bdfe4b536b037799295b513377924635d5",
          "version": "0.4.2"
        }
      },
      {
        "reference": {
          "identity": "test",
          "isLocal": false,
          "path": "https://github.com/tris-foundation/test.git"
        },
        "state": {
          "branch": null,
          "revision": "817c01f8f53c988b5cfe55e4edbc85a9f1d00837",
          "version": "0.4.3"
        }
      }
    ]
  },
  "version": 2
}
