{
  "object": {
    "pins": [
      {
        "package": "Async",
        "repositoryURL": "https://github.com/tris-foundation/async.git",
        "state": {
          "branch": null,
          "revision": "32c1ba4698fb14d141f2f063fc49e3e52923d7eb",
          "version": "0.4.7"
        }
      },
      {
        "package": "Crypto",
        "repositoryURL": "https://github.com/tris-foundation/crypto.git",
        "state": {
          "branch": null,
          "revision": "1f2b1fcd0c41aede095b6f5e086fce7476bcf29d",
          "version": "0.4.0"
        }
      },
      {
        "package": "MessagePack",
        "repositoryURL": "https://github.com/tris-foundation/messagepack.git",
        "state": {
          "branch": null,
          "revision": "3c97c6bdfe4b536b037799295b513377924635d5",
          "version": "0.4.2"
        }
      },
      {
        "package": "Network",
        "repositoryURL": "https://github.com/tris-foundation/network.git",
        "state": {
          "branch": null,
          "revision": "9185735f390e68582bb3af4754421d4f5e9ff50c",
          "version": "0.4.2"
        }
      },
      {
        "package": "Platform",
        "repositoryURL": "https://github.com/tris-foundation/platform.git",
        "state": {
          "branch": null,
          "revision": "6e0f6b4905851110634976e993980abe42101949",
          "version": "0.4.0"
        }
      },
      {
        "package": "Tarantool",
        "repositoryURL": "https://github.com/tris-foundation/tarantool.git",
        "state": {
          "branch": null,
          "revision": "c84069929753389b621106bf16c7bad3ca2d0ff4",
          "version": "0.4.6"
        }
      },
      {
        "package": "Test",
        "repositoryURL": "https://github.com/tris-foundation/test.git",
        "state": {
          "branch": null,
          "revision": "817c01f8f53c988b5cfe55e4edbc85a9f1d00837",
          "version": "0.4.3"
        }
      }
    ]
  },
  "version": 1
}
