{
  "object": {
    "pins": [
      {
        "reference": {
          "identity": "async",
          "isLocal": false,
          "path": "https://github.com/tris-foundation/async.git"
        },
        "state": {
          "branch": null,
          "revision": "114963a27b71381d4f3e62947b2e1d178abe3440",
          "version": "0.4.11"
        }
      },
      {
        "reference": {
          "identity": "crypto",
          "isLocal": false,
          "path": "https://github.com/tris-foundation/crypto.git"
        },
        "state": {
          "branch": null,
          "revision": "1f2b1fcd0c41aede095b6f5e086fce7476bcf29d",
          "version": "0.4.0"
        }
      },
      {
        "reference": {
          "identity": "messagepack",
          "isLocal": false,
          "path": "https://github.com/tris-foundation/messagepack.git"
        },
        "state": {
          "branch": null,
          "revision": "69177cb9d75666b7af2373b5b847cd0f40c57324",
          "version": "0.4.4"
        }
      },
      {
        "reference": {
          "identity": "network",
          "isLocal": false,
          "path": "https://github.com/tris-foundation/network.git"
        },
        "state": {
          "branch": null,
          "revision": "b894fe27d626b694b1d24387378ef78f0ffb80b7",
          "version": "0.4.10"
        }
      },
      {
        "reference": {
          "identity": "platform",
          "isLocal": false,
          "path": "https://github.com/tris-foundation/platform.git"
        },
        "state": {
          "branch": null,
          "revision": "33227e963e573275a615966d9686ab6854dbb22b",
          "version": "0.4.2"
        }
      },
      {
        "reference": {
          "identity": "stream",
          "isLocal": false,
          "path": "https://github.com/tris-foundation/stream.git"
        },
        "state": {
          "branch": null,
          "revision": "595b0609f55ca47f136330fbf06641484ca64451",
          "version": "0.4.1"
        }
      },
      {
        "reference": {
          "identity": "tarantool",
          "isLocal": false,
          "path": "https://github.com/tris-foundation/tarantool.git"
        },
        "state": {
          "branch": null,
          "revision": "cf58aab61b90de4f69686a7f9681aa70ec09e953",
          "version": "0.4.12"
        }
      },
      {
        "reference": {
          "identity": "test",
          "isLocal": false,
          "path": "https://github.com/tris-foundation/test.git"
        },
        "state": {
          "branch": null,
          "revision": "60a653128b4b169dfce3e4b2917af86313ef8c4e",
          "version": "0.4.4"
        }
      }
    ]
  },
  "version": 2
}
