{
  "object": {
    "pins": [
      {
        "package": "Async",
        "repositoryURL": "https://github.com/tris-foundation/async.git",
        "state": {
          "branch": null,
          "revision": "32c1ba4698fb14d141f2f063fc49e3e52923d7eb",
          "version": "0.4.7"
        }
      },
      {
        "package": "Crypto",
        "repositoryURL": "https://github.com/tris-foundation/crypto.git",
        "state": {
          "branch": null,
          "revision": "1f2b1fcd0c41aede095b6f5e086fce7476bcf29d",
          "version": "0.4.0"
        }
      },
      {
        "package": "MessagePack",
        "repositoryURL": "https://github.com/tris-foundation/messagepack.git",
        "state": {
          "branch": null,
          "revision": "0b812128f149aecfc625d75516d8f4a485931d3b",
          "version": "0.4.1"
        }
      },
      {
        "package": "Network",
        "repositoryURL": "https://github.com/tris-foundation/network.git",
        "state": {
          "branch": null,
          "revision": "a110fa8eede5d6f8751eb06f5e9b59a583e751e1",
          "version": "0.4.1"
        }
      },
      {
        "package": "Platform",
        "repositoryURL": "https://github.com/tris-foundation/platform.git",
        "state": {
          "branch": null,
          "revision": "6e0f6b4905851110634976e993980abe42101949",
          "version": "0.4.0"
        }
      },
      {
        "package": "Tarantool",
        "repositoryURL": "https://github.com/tris-foundation/tarantool.git",
        "state": {
          "branch": null,
          "revision": "778466445a6046cb34e242a7f3340ef39e6ecba3",
          "version": "0.4.4"
        }
      },
      {
        "package": "Test",
        "repositoryURL": "https://github.com/tris-foundation/test.git",
        "state": {
          "branch": null,
          "revision": "bdf2f691262c2824dee46dbdf7e9558ae0e172be",
          "version": "0.4.2"
        }
      }
    ]
  },
  "version": 1
}
