{
  "object": {
    "pins": [
      {
        "package": "Reflection",
        "repositoryURL": "https://github.com/tris-foundation/reflection.git",
        "state": {
          "branch": null,
          "revision": "528460567b6be8f1bf54144926bf782502a83b16",
          "version": "0.4.4"
        }
      },
      {
        "package": "Test",
        "repositoryURL": "https://github.com/tris-foundation/test.git",
        "state": {
          "branch": null,
          "revision": "aa0c9bb268c6bf9d1b90b4f3a83b0c1f318f1a9b",
          "version": "0.4.1"
        }
      }
    ]
  },
  "version": 1
}
