{
  "object": {
    "pins": [
      {
        "package": "Reflection",
        "repositoryURL": "https://github.com/tris-foundation/reflection.git",
        "state": {
          "branch": null,
          "revision": "1f812d3fb2bad6aee5a4f1585894a1b0fead2347",
          "version": "0.4.3"
        }
      },
      {
        "package": "Test",
        "repositoryURL": "https://github.com/tris-foundation/test.git",
        "state": {
          "branch": null,
          "revision": "aa0c9bb268c6bf9d1b90b4f3a83b0c1f318f1a9b",
          "version": "0.4.1"
        }
      }
    ]
  },
  "version": 1
}
