{
  "object": {
    "pins": [
      {
        "package": "Reflection",
        "repositoryURL": "https://github.com/tris-foundation/reflection.git",
        "state": {
          "branch": null,
          "revision": "528460567b6be8f1bf54144926bf782502a83b16",
          "version": "0.4.4"
        }
      },
      {
        "package": "Test",
        "repositoryURL": "https://github.com/tris-foundation/test.git",
        "state": {
          "branch": null,
          "revision": "bdf2f691262c2824dee46dbdf7e9558ae0e172be",
          "version": "0.4.2"
        }
      }
    ]
  },
  "version": 1
}
